// !$*UTF8*$!
{
	archiveVersion = 1;
	classes = {
	};
	objectVersion = 50;
	objects = {

/* Begin PBXBuildFile section */
		19F69F2C8BFC688B3E4509EC /* Pods_PetStore.framework in Frameworks */ = {isa = PBXBuildFile; fileRef = DE254C1094A75B2B4CA9C574 /* Pods_PetStore.framework */; };
		9955B80121662D2900FBF59C /* Parser.swift in Sources */ = {isa = PBXBuildFile; fileRef = 9955B80021662D2900FBF59C /* Parser.swift */; };
		9955B804216667E800FBF59C /* CustomErrors.swift in Sources */ = {isa = PBXBuildFile; fileRef = 9955B803216667E800FBF59C /* CustomErrors.swift */; };
		DF8B1D2C2162B4140070AE53 /* Order.swift in Sources */ = {isa = PBXBuildFile; fileRef = DF8B1D2B2162B4140070AE53 /* Order.swift */; };
		DF8B1D2E2162B4590070AE53 /* EnumsStatuses.swift in Sources */ = {isa = PBXBuildFile; fileRef = DF8B1D2D2162B4590070AE53 /* EnumsStatuses.swift */; };
		DF8B1D302162B6FE0070AE53 /* User.swift in Sources */ = {isa = PBXBuildFile; fileRef = DF8B1D2F2162B6FE0070AE53 /* User.swift */; };
		DF8B1D322162B7650070AE53 /* Category.swift in Sources */ = {isa = PBXBuildFile; fileRef = DF8B1D312162B7650070AE53 /* Category.swift */; };
		DF8B1D342162B7920070AE53 /* Tag.swift in Sources */ = {isa = PBXBuildFile; fileRef = DF8B1D332162B7920070AE53 /* Tag.swift */; };
		DF8B1D362162B7D50070AE53 /* Pet.swift in Sources */ = {isa = PBXBuildFile; fileRef = DF8B1D352162B7D50070AE53 /* Pet.swift */; };
		DFE2E0BF215D702100D5BFD4 /* AppDelegate.swift in Sources */ = {isa = PBXBuildFile; fileRef = DFE2E0BE215D702100D5BFD4 /* AppDelegate.swift */; };
		DFE2E0C1215D702100D5BFD4 /* ViewController.swift in Sources */ = {isa = PBXBuildFile; fileRef = DFE2E0C0215D702100D5BFD4 /* ViewController.swift */; };
		DFE2E0C4215D702100D5BFD4 /* Main.storyboard in Resources */ = {isa = PBXBuildFile; fileRef = DFE2E0C2215D702100D5BFD4 /* Main.storyboard */; };
		DFE2E0C6215D702400D5BFD4 /* Assets.xcassets in Resources */ = {isa = PBXBuildFile; fileRef = DFE2E0C5215D702400D5BFD4 /* Assets.xcassets */; };
		DFE2E0C9215D702400D5BFD4 /* LaunchScreen.storyboard in Resources */ = {isa = PBXBuildFile; fileRef = DFE2E0C7215D702400D5BFD4 /* LaunchScreen.storyboard */; };
		DFE2E0D3215D72EA00D5BFD4 /* NetworkService.swift in Sources */ = {isa = PBXBuildFile; fileRef = DFE2E0D2215D72EA00D5BFD4 /* NetworkService.swift */; };
/* End PBXBuildFile section */

/* Begin PBXContainerItemProxy section */
		DF8B1D25216166C40070AE53 /* PBXContainerItemProxy */ = {
			isa = PBXContainerItemProxy;
			containerPortal = DFE2E0B3215D702100D5BFD4 /* Project object */;
			proxyType = 1;
			remoteGlobalIDString = DFE2E0BA215D702100D5BFD4;
			remoteInfo = PetStore;
		};
/* End PBXContainerItemProxy section */

/* Begin PBXFileReference section */
		2339196394ECE53693D5C26F /* Pods-PetStore.release.xcconfig */ = {isa = PBXFileReference; includeInIndex = 1; lastKnownFileType = text.xcconfig; name = "Pods-PetStore.release.xcconfig"; path = "Pods/Target Support Files/Pods-PetStore/Pods-PetStore.release.xcconfig"; sourceTree = "<group>"; };
		9955B80021662D2900FBF59C /* Parser.swift */ = {isa = PBXFileReference; lastKnownFileType = sourcecode.swift; path = Parser.swift; sourceTree = "<group>"; };
		9955B803216667E800FBF59C /* CustomErrors.swift */ = {isa = PBXFileReference; lastKnownFileType = sourcecode.swift; path = CustomErrors.swift; sourceTree = "<group>"; };
		CE4C7B425A4512396F16E816 /* Pods-PetStore.debug.xcconfig */ = {isa = PBXFileReference; includeInIndex = 1; lastKnownFileType = text.xcconfig; name = "Pods-PetStore.debug.xcconfig"; path = "Pods/Target Support Files/Pods-PetStore/Pods-PetStore.debug.xcconfig"; sourceTree = "<group>"; };
		DE254C1094A75B2B4CA9C574 /* Pods_PetStore.framework */ = {isa = PBXFileReference; explicitFileType = wrapper.framework; includeInIndex = 0; path = Pods_PetStore.framework; sourceTree = BUILT_PRODUCTS_DIR; };
		DF8B1D20216166C40070AE53 /* PetStoreTests.xctest */ = {isa = PBXFileReference; explicitFileType = wrapper.cfbundle; includeInIndex = 0; path = PetStoreTests.xctest; sourceTree = BUILT_PRODUCTS_DIR; };
		DF8B1D2B2162B4140070AE53 /* Order.swift */ = {isa = PBXFileReference; lastKnownFileType = sourcecode.swift; path = Order.swift; sourceTree = "<group>"; };
		DF8B1D2D2162B4590070AE53 /* EnumsStatuses.swift */ = {isa = PBXFileReference; lastKnownFileType = sourcecode.swift; path = EnumsStatuses.swift; sourceTree = "<group>"; };
		DF8B1D2F2162B6FE0070AE53 /* User.swift */ = {isa = PBXFileReference; lastKnownFileType = sourcecode.swift; path = User.swift; sourceTree = "<group>"; };
		DF8B1D312162B7650070AE53 /* Category.swift */ = {isa = PBXFileReference; lastKnownFileType = sourcecode.swift; path = Category.swift; sourceTree = "<group>"; };
		DF8B1D332162B7920070AE53 /* Tag.swift */ = {isa = PBXFileReference; lastKnownFileType = sourcecode.swift; path = Tag.swift; sourceTree = "<group>"; };
		DF8B1D352162B7D50070AE53 /* Pet.swift */ = {isa = PBXFileReference; lastKnownFileType = sourcecode.swift; path = Pet.swift; sourceTree = "<group>"; };
		DFE2E0BB215D702100D5BFD4 /* PetStore.app */ = {isa = PBXFileReference; explicitFileType = wrapper.application; includeInIndex = 0; path = PetStore.app; sourceTree = BUILT_PRODUCTS_DIR; };
		DFE2E0BE215D702100D5BFD4 /* AppDelegate.swift */ = {isa = PBXFileReference; lastKnownFileType = sourcecode.swift; path = AppDelegate.swift; sourceTree = "<group>"; };
		DFE2E0C0215D702100D5BFD4 /* ViewController.swift */ = {isa = PBXFileReference; lastKnownFileType = sourcecode.swift; path = ViewController.swift; sourceTree = "<group>"; };
		DFE2E0C3215D702100D5BFD4 /* Base */ = {isa = PBXFileReference; lastKnownFileType = file.storyboard; name = Base; path = Base.lproj/Main.storyboard; sourceTree = "<group>"; };
		DFE2E0C5215D702400D5BFD4 /* Assets.xcassets */ = {isa = PBXFileReference; lastKnownFileType = folder.assetcatalog; path = Assets.xcassets; sourceTree = "<group>"; };
		DFE2E0C8215D702400D5BFD4 /* Base */ = {isa = PBXFileReference; lastKnownFileType = file.storyboard; name = Base; path = Base.lproj/LaunchScreen.storyboard; sourceTree = "<group>"; };
		DFE2E0CA215D702400D5BFD4 /* Info.plist */ = {isa = PBXFileReference; lastKnownFileType = text.plist.xml; path = Info.plist; sourceTree = "<group>"; };
		DFE2E0D2215D72EA00D5BFD4 /* NetworkService.swift */ = {isa = PBXFileReference; lastKnownFileType = sourcecode.swift; path = NetworkService.swift; sourceTree = "<group>"; };
/* End PBXFileReference section */

/* Begin PBXFrameworksBuildPhase section */
		DF8B1D1D216166C40070AE53 /* Frameworks */ = {
			isa = PBXFrameworksBuildPhase;
			buildActionMask = 2147483647;
			files = (
			);
			runOnlyForDeploymentPostprocessing = 0;
		};
		DFE2E0B8215D702100D5BFD4 /* Frameworks */ = {
			isa = PBXFrameworksBuildPhase;
			buildActionMask = 2147483647;
			files = (
				19F69F2C8BFC688B3E4509EC /* Pods_PetStore.framework in Frameworks */,
			);
			runOnlyForDeploymentPostprocessing = 0;
		};
/* End PBXFrameworksBuildPhase section */

/* Begin PBXGroup section */
		9955B802216667C700FBF59C /* Constants */ = {
			isa = PBXGroup;
			children = (
				9955B803216667E800FBF59C /* CustomErrors.swift */,
			);
			path = Constants;
			sourceTree = "<group>";
		};
		9E05C01310815C47B92769B6 /* Frameworks */ = {
			isa = PBXGroup;
			children = (
				DE254C1094A75B2B4CA9C574 /* Pods_PetStore.framework */,
			);
			name = Frameworks;
			sourceTree = "<group>";
		};
		C1052921C70EA5CE5392EF1C /* Pods */ = {
			isa = PBXGroup;
			children = (
				CE4C7B425A4512396F16E816 /* Pods-PetStore.debug.xcconfig */,
				2339196394ECE53693D5C26F /* Pods-PetStore.release.xcconfig */,
			);
			name = Pods;
			sourceTree = "<group>";
		};
		DF8B1D2A21629BCA0070AE53 /* Entities */ = {
			isa = PBXGroup;
			children = (
				DF8B1D2D2162B4590070AE53 /* EnumsStatuses.swift */,
				DF8B1D2B2162B4140070AE53 /* Order.swift */,
				DF8B1D2F2162B6FE0070AE53 /* User.swift */,
				DF8B1D312162B7650070AE53 /* Category.swift */,
				DF8B1D332162B7920070AE53 /* Tag.swift */,
				DF8B1D352162B7D50070AE53 /* Pet.swift */,
			);
			path = Entities;
			sourceTree = "<group>";
		};
		DFE2E0B2215D702100D5BFD4 = {
			isa = PBXGroup;
			children = (
				DFE2E0BD215D702100D5BFD4 /* PetStore */,
				DFE2E0BC215D702100D5BFD4 /* Products */,
				C1052921C70EA5CE5392EF1C /* Pods */,
				9E05C01310815C47B92769B6 /* Frameworks */,
			);
			sourceTree = "<group>";
		};
		DFE2E0BC215D702100D5BFD4 /* Products */ = {
			isa = PBXGroup;
			children = (
				DFE2E0BB215D702100D5BFD4 /* PetStore.app */,
				DF8B1D20216166C40070AE53 /* PetStoreTests.xctest */,
			);
			name = Products;
			sourceTree = "<group>";
		};
		DFE2E0BD215D702100D5BFD4 /* PetStore */ = {
			isa = PBXGroup;
			children = (
				9955B802216667C700FBF59C /* Constants */,
				DFE2E0D0215D724A00D5BFD4 /* Services */,
				DFE2E0D1215D72AF00D5BFD4 /* Model */,
				DFE2E0BE215D702100D5BFD4 /* AppDelegate.swift */,
				DFE2E0C0215D702100D5BFD4 /* ViewController.swift */,
				DFE2E0C2215D702100D5BFD4 /* Main.storyboard */,
				DFE2E0C5215D702400D5BFD4 /* Assets.xcassets */,
				DFE2E0C7215D702400D5BFD4 /* LaunchScreen.storyboard */,
				DFE2E0CA215D702400D5BFD4 /* Info.plist */,
			);
			path = PetStore;
			sourceTree = "<group>";
		};
		DFE2E0D0215D724A00D5BFD4 /* Services */ = {
			isa = PBXGroup;
			children = (
				DFE2E0D2215D72EA00D5BFD4 /* NetworkService.swift */,
				9955B80021662D2900FBF59C /* Parser.swift */,
			);
			path = Services;
			sourceTree = "<group>";
		};
		DFE2E0D1215D72AF00D5BFD4 /* Model */ = {
			isa = PBXGroup;
			children = (
				DF8B1D2A21629BCA0070AE53 /* Entities */,
			);
			path = Model;
			sourceTree = "<group>";
		};
/* End PBXGroup section */

/* Begin PBXNativeTarget section */
		DF8B1D1F216166C40070AE53 /* PetStoreTests */ = {
			isa = PBXNativeTarget;
			buildConfigurationList = DF8B1D29216166C40070AE53 /* Build configuration list for PBXNativeTarget "PetStoreTests" */;
			buildPhases = (
				DF8B1D1C216166C40070AE53 /* Sources */,
				DF8B1D1D216166C40070AE53 /* Frameworks */,
				DF8B1D1E216166C40070AE53 /* Resources */,
			);
			buildRules = (
			);
			dependencies = (
				DF8B1D26216166C40070AE53 /* PBXTargetDependency */,
			);
			name = PetStoreTests;
			productName = PetStoreTests;
			productReference = DF8B1D20216166C40070AE53 /* PetStoreTests.xctest */;
			productType = "com.apple.product-type.bundle.unit-test";
		};
		DFE2E0BA215D702100D5BFD4 /* PetStore */ = {
			isa = PBXNativeTarget;
			buildConfigurationList = DFE2E0CD215D702400D5BFD4 /* Build configuration list for PBXNativeTarget "PetStore" */;
			buildPhases = (
				59217CB8BC63248573D4D666 /* [CP] Check Pods Manifest.lock */,
				DFE2E0B7215D702100D5BFD4 /* Sources */,
				DFE2E0B8215D702100D5BFD4 /* Frameworks */,
				DFE2E0B9215D702100D5BFD4 /* Resources */,
				F8645D8AEC9BC75A30B54790 /* [CP] Embed Pods Frameworks */,
			);
			buildRules = (
			);
			dependencies = (
			);
			name = PetStore;
			productName = PetStore;
			productReference = DFE2E0BB215D702100D5BFD4 /* PetStore.app */;
			productType = "com.apple.product-type.application";
		};
/* End PBXNativeTarget section */

/* Begin PBXProject section */
		DFE2E0B3215D702100D5BFD4 /* Project object */ = {
			isa = PBXProject;
			attributes = {
				LastSwiftUpdateCheck = 0940;
				LastUpgradeCheck = 0940;
				ORGANIZATIONNAME = me;
				TargetAttributes = {
					DF8B1D1F216166C40070AE53 = {
						CreatedOnToolsVersion = 9.4.1;
						TestTargetID = DFE2E0BA215D702100D5BFD4;
					};
					DFE2E0BA215D702100D5BFD4 = {
						CreatedOnToolsVersion = 9.4.1;
					};
				};
			};
			buildConfigurationList = DFE2E0B6215D702100D5BFD4 /* Build configuration list for PBXProject "PetStore" */;
			compatibilityVersion = "Xcode 9.3";
			developmentRegion = en;
			hasScannedForEncodings = 0;
			knownRegions = (
				en,
				Base,
			);
			mainGroup = DFE2E0B2215D702100D5BFD4;
			productRefGroup = DFE2E0BC215D702100D5BFD4 /* Products */;
			projectDirPath = "";
			projectRoot = "";
			targets = (
				DFE2E0BA215D702100D5BFD4 /* PetStore */,
				DF8B1D1F216166C40070AE53 /* PetStoreTests */,
			);
		};
/* End PBXProject section */

/* Begin PBXResourcesBuildPhase section */
		DF8B1D1E216166C40070AE53 /* Resources */ = {
			isa = PBXResourcesBuildPhase;
			buildActionMask = 2147483647;
			files = (
			);
			runOnlyForDeploymentPostprocessing = 0;
		};
		DFE2E0B9215D702100D5BFD4 /* Resources */ = {
			isa = PBXResourcesBuildPhase;
			buildActionMask = 2147483647;
			files = (
				DFE2E0C9215D702400D5BFD4 /* LaunchScreen.storyboard in Resources */,
				DFE2E0C6215D702400D5BFD4 /* Assets.xcassets in Resources */,
				DFE2E0C4215D702100D5BFD4 /* Main.storyboard in Resources */,
			);
			runOnlyForDeploymentPostprocessing = 0;
		};
/* End PBXResourcesBuildPhase section */

/* Begin PBXShellScriptBuildPhase section */
		59217CB8BC63248573D4D666 /* [CP] Check Pods Manifest.lock */ = {
			isa = PBXShellScriptBuildPhase;
			buildActionMask = 2147483647;
			files = (
			);
			inputPaths = (
				"${PODS_PODFILE_DIR_PATH}/Podfile.lock",
				"${PODS_ROOT}/Manifest.lock",
			);
			name = "[CP] Check Pods Manifest.lock";
			outputPaths = (
				"$(DERIVED_FILE_DIR)/Pods-PetStore-checkManifestLockResult.txt",
			);
			runOnlyForDeploymentPostprocessing = 0;
			shellPath = /bin/sh;
			shellScript = "diff \"${PODS_PODFILE_DIR_PATH}/Podfile.lock\" \"${PODS_ROOT}/Manifest.lock\" > /dev/null\nif [ $? != 0 ] ; then\n    # print error to STDERR\n    echo \"error: The sandbox is not in sync with the Podfile.lock. Run 'pod install' or update your CocoaPods installation.\" >&2\n    exit 1\nfi\n# This output is used by Xcode 'outputs' to avoid re-running this script phase.\necho \"SUCCESS\" > \"${SCRIPT_OUTPUT_FILE_0}\"\n";
			showEnvVarsInLog = 0;
		};
		F8645D8AEC9BC75A30B54790 /* [CP] Embed Pods Frameworks */ = {
			isa = PBXShellScriptBuildPhase;
			buildActionMask = 2147483647;
			files = (
			);
			inputPaths = (
				"${SRCROOT}/Pods/Target Support Files/Pods-PetStore/Pods-PetStore-frameworks.sh",
				"${BUILT_PRODUCTS_DIR}/Alamofire/Alamofire.framework",
			);
			name = "[CP] Embed Pods Frameworks";
			outputPaths = (
				"${TARGET_BUILD_DIR}/${FRAMEWORKS_FOLDER_PATH}/Alamofire.framework",
			);
			runOnlyForDeploymentPostprocessing = 0;
			shellPath = /bin/sh;
			shellScript = "\"${SRCROOT}/Pods/Target Support Files/Pods-PetStore/Pods-PetStore-frameworks.sh\"\n";
			showEnvVarsInLog = 0;
		};
/* End PBXShellScriptBuildPhase section */

/* Begin PBXSourcesBuildPhase section */
		DF8B1D1C216166C40070AE53 /* Sources */ = {
			isa = PBXSourcesBuildPhase;
			buildActionMask = 2147483647;
			files = (
			);
			runOnlyForDeploymentPostprocessing = 0;
		};
		DFE2E0B7215D702100D5BFD4 /* Sources */ = {
			isa = PBXSourcesBuildPhase;
			buildActionMask = 2147483647;
			files = (
				DF8B1D342162B7920070AE53 /* Tag.swift in Sources */,
				DFE2E0C1215D702100D5BFD4 /* ViewController.swift in Sources */,
				9955B80121662D2900FBF59C /* Parser.swift in Sources */,
				DFE2E0D3215D72EA00D5BFD4 /* NetworkService.swift in Sources */,
				DF8B1D362162B7D50070AE53 /* Pet.swift in Sources */,
				DF8B1D302162B6FE0070AE53 /* User.swift in Sources */,
				DF8B1D2E2162B4590070AE53 /* EnumsStatuses.swift in Sources */,
				DF8B1D2C2162B4140070AE53 /* Order.swift in Sources */,
				DFE2E0BF215D702100D5BFD4 /* AppDelegate.swift in Sources */,
				9955B804216667E800FBF59C /* CustomErrors.swift in Sources */,
				DF8B1D322162B7650070AE53 /* Category.swift in Sources */,
			);
			runOnlyForDeploymentPostprocessing = 0;
		};
/* End PBXSourcesBuildPhase section */

/* Begin PBXTargetDependency section */
		DF8B1D26216166C40070AE53 /* PBXTargetDependency */ = {
			isa = PBXTargetDependency;
			target = DFE2E0BA215D702100D5BFD4 /* PetStore */;
			targetProxy = DF8B1D25216166C40070AE53 /* PBXContainerItemProxy */;
		};
/* End PBXTargetDependency section */

/* Begin PBXVariantGroup section */
		DFE2E0C2215D702100D5BFD4 /* Main.storyboard */ = {
			isa = PBXVariantGroup;
			children = (
				DFE2E0C3215D702100D5BFD4 /* Base */,
			);
			name = Main.storyboard;
			sourceTree = "<group>";
		};
		DFE2E0C7215D702400D5BFD4 /* LaunchScreen.storyboard */ = {
			isa = PBXVariantGroup;
			children = (
				DFE2E0C8215D702400D5BFD4 /* Base */,
			);
			name = LaunchScreen.storyboard;
			sourceTree = "<group>";
		};
/* End PBXVariantGroup section */

/* Begin XCBuildConfiguration section */
		DF8B1D27216166C40070AE53 /* Debug */ = {
			isa = XCBuildConfiguration;
			buildSettings = {
				BUNDLE_LOADER = "$(TEST_HOST)";
				CODE_SIGN_STYLE = Automatic;
				DEVELOPMENT_TEAM = JLM2L5ALVF;
				INFOPLIST_FILE = PetStoreTests/Info.plist;
				LD_RUNPATH_SEARCH_PATHS = (
					"$(inherited)",
					"@executable_path/Frameworks",
					"@loader_path/Frameworks",
				);
				PRODUCT_BUNDLE_IDENTIFIER = AR.PetStoreTests;
				PRODUCT_NAME = "$(TARGET_NAME)";
				SWIFT_VERSION = 4.0;
				TARGETED_DEVICE_FAMILY = "1,2";
				TEST_HOST = "$(BUILT_PRODUCTS_DIR)/PetStore.app/PetStore";
			};
			name = Debug;
		};
		DF8B1D28216166C40070AE53 /* Release */ = {
			isa = XCBuildConfiguration;
			buildSettings = {
				BUNDLE_LOADER = "$(TEST_HOST)";
				CODE_SIGN_STYLE = Automatic;
				DEVELOPMENT_TEAM = JLM2L5ALVF;
				INFOPLIST_FILE = PetStoreTests/Info.plist;
				LD_RUNPATH_SEARCH_PATHS = (
					"$(inherited)",
					"@executable_path/Frameworks",
					"@loader_path/Frameworks",
				);
				PRODUCT_BUNDLE_IDENTIFIER = AR.PetStoreTests;
				PRODUCT_NAME = "$(TARGET_NAME)";
				SWIFT_VERSION = 4.0;
				TARGETED_DEVICE_FAMILY = "1,2";
				TEST_HOST = "$(BUILT_PRODUCTS_DIR)/PetStore.app/PetStore";
			};
			name = Release;
		};
		DFE2E0CB215D702400D5BFD4 /* Debug */ = {
			isa = XCBuildConfiguration;
			buildSettings = {
				ALWAYS_SEARCH_USER_PATHS = NO;
				CLANG_ANALYZER_NONNULL = YES;
				CLANG_ANALYZER_NUMBER_OBJECT_CONVERSION = YES_AGGRESSIVE;
				CLANG_CXX_LANGUAGE_STANDARD = "gnu++14";
				CLANG_CXX_LIBRARY = "libc++";
				CLANG_ENABLE_MODULES = YES;
				CLANG_ENABLE_OBJC_ARC = YES;
				CLANG_ENABLE_OBJC_WEAK = YES;
				CLANG_WARN_BLOCK_CAPTURE_AUTORELEASING = YES;
				CLANG_WARN_BOOL_CONVERSION = YES;
				CLANG_WARN_COMMA = YES;
				CLANG_WARN_CONSTANT_CONVERSION = YES;
				CLANG_WARN_DEPRECATED_OBJC_IMPLEMENTATIONS = YES;
				CLANG_WARN_DIRECT_OBJC_ISA_USAGE = YES_ERROR;
				CLANG_WARN_DOCUMENTATION_COMMENTS = YES;
				CLANG_WARN_EMPTY_BODY = YES;
				CLANG_WARN_ENUM_CONVERSION = YES;
				CLANG_WARN_INFINITE_RECURSION = YES;
				CLANG_WARN_INT_CONVERSION = YES;
				CLANG_WARN_NON_LITERAL_NULL_CONVERSION = YES;
				CLANG_WARN_OBJC_IMPLICIT_RETAIN_SELF = YES;
				CLANG_WARN_OBJC_LITERAL_CONVERSION = YES;
				CLANG_WARN_OBJC_ROOT_CLASS = YES_ERROR;
				CLANG_WARN_RANGE_LOOP_ANALYSIS = YES;
				CLANG_WARN_STRICT_PROTOTYPES = YES;
				CLANG_WARN_SUSPICIOUS_MOVE = YES;
				CLANG_WARN_UNGUARDED_AVAILABILITY = YES_AGGRESSIVE;
				CLANG_WARN_UNREACHABLE_CODE = YES;
				CLANG_WARN__DUPLICATE_METHOD_MATCH = YES;
				CODE_SIGN_IDENTITY = "iPhone Developer";
				COPY_PHASE_STRIP = NO;
				DEBUG_INFORMATION_FORMAT = dwarf;
				ENABLE_STRICT_OBJC_MSGSEND = YES;
				ENABLE_TESTABILITY = YES;
				GCC_C_LANGUAGE_STANDARD = gnu11;
				GCC_DYNAMIC_NO_PIC = NO;
				GCC_NO_COMMON_BLOCKS = YES;
				GCC_OPTIMIZATION_LEVEL = 0;
				GCC_PREPROCESSOR_DEFINITIONS = (
					"DEBUG=1",
					"$(inherited)",
				);
				GCC_WARN_64_TO_32_BIT_CONVERSION = YES;
				GCC_WARN_ABOUT_RETURN_TYPE = YES_ERROR;
				GCC_WARN_UNDECLARED_SELECTOR = YES;
				GCC_WARN_UNINITIALIZED_AUTOS = YES_AGGRESSIVE;
				GCC_WARN_UNUSED_FUNCTION = YES;
				GCC_WARN_UNUSED_VARIABLE = YES;
				IPHONEOS_DEPLOYMENT_TARGET = 11.4;
				MTL_ENABLE_DEBUG_INFO = YES;
				ONLY_ACTIVE_ARCH = YES;
				SDKROOT = iphoneos;
				SWIFT_ACTIVE_COMPILATION_CONDITIONS = DEBUG;
				SWIFT_OPTIMIZATION_LEVEL = "-Onone";
			};
			name = Debug;
		};
		DFE2E0CC215D702400D5BFD4 /* Release */ = {
			isa = XCBuildConfiguration;
			buildSettings = {
				ALWAYS_SEARCH_USER_PATHS = NO;
				CLANG_ANALYZER_NONNULL = YES;
				CLANG_ANALYZER_NUMBER_OBJECT_CONVERSION = YES_AGGRESSIVE;
				CLANG_CXX_LANGUAGE_STANDARD = "gnu++14";
				CLANG_CXX_LIBRARY = "libc++";
				CLANG_ENABLE_MODULES = YES;
				CLANG_ENABLE_OBJC_ARC = YES;
				CLANG_ENABLE_OBJC_WEAK = YES;
				CLANG_WARN_BLOCK_CAPTURE_AUTORELEASING = YES;
				CLANG_WARN_BOOL_CONVERSION = YES;
				CLANG_WARN_COMMA = YES;
				CLANG_WARN_CONSTANT_CONVERSION = YES;
				CLANG_WARN_DEPRECATED_OBJC_IMPLEMENTATIONS = YES;
				CLANG_WARN_DIRECT_OBJC_ISA_USAGE = YES_ERROR;
				CLANG_WARN_DOCUMENTATION_COMMENTS = YES;
				CLANG_WARN_EMPTY_BODY = YES;
				CLANG_WARN_ENUM_CONVERSION = YES;
				CLANG_WARN_INFINITE_RECURSION = YES;
				CLANG_WARN_INT_CONVERSION = YES;
				CLANG_WARN_NON_LITERAL_NULL_CONVERSION = YES;
				CLANG_WARN_OBJC_IMPLICIT_RETAIN_SELF = YES;
				CLANG_WARN_OBJC_LITERAL_CONVERSION = YES;
				CLANG_WARN_OBJC_ROOT_CLASS = YES_ERROR;
				CLANG_WARN_RANGE_LOOP_ANALYSIS = YES;
				CLANG_WARN_STRICT_PROTOTYPES = YES;
				CLANG_WARN_SUSPICIOUS_MOVE = YES;
				CLANG_WARN_UNGUARDED_AVAILABILITY = YES_AGGRESSIVE;
				CLANG_WARN_UNREACHABLE_CODE = YES;
				CLANG_WARN__DUPLICATE_METHOD_MATCH = YES;
				CODE_SIGN_IDENTITY = "iPhone Developer";
				COPY_PHASE_STRIP = NO;
				DEBUG_INFORMATION_FORMAT = "dwarf-with-dsym";
				ENABLE_NS_ASSERTIONS = NO;
				ENABLE_STRICT_OBJC_MSGSEND = YES;
				GCC_C_LANGUAGE_STANDARD = gnu11;
				GCC_NO_COMMON_BLOCKS = YES;
				GCC_WARN_64_TO_32_BIT_CONVERSION = YES;
				GCC_WARN_ABOUT_RETURN_TYPE = YES_ERROR;
				GCC_WARN_UNDECLARED_SELECTOR = YES;
				GCC_WARN_UNINITIALIZED_AUTOS = YES_AGGRESSIVE;
				GCC_WARN_UNUSED_FUNCTION = YES;
				GCC_WARN_UNUSED_VARIABLE = YES;
				IPHONEOS_DEPLOYMENT_TARGET = 11.4;
				MTL_ENABLE_DEBUG_INFO = NO;
				SDKROOT = iphoneos;
				SWIFT_COMPILATION_MODE = wholemodule;
				SWIFT_OPTIMIZATION_LEVEL = "-O";
				VALIDATE_PRODUCT = YES;
			};
			name = Release;
		};
		DFE2E0CE215D702400D5BFD4 /* Debug */ = {
			isa = XCBuildConfiguration;
			baseConfigurationReference = CE4C7B425A4512396F16E816 /* Pods-PetStore.debug.xcconfig */;
			buildSettings = {
				ASSETCATALOG_COMPILER_APPICON_NAME = AppIcon;
				CODE_SIGN_STYLE = Automatic;
				DEVELOPMENT_TEAM = JLM2L5ALVF;
				INFOPLIST_FILE = PetStore/Info.plist;
				IPHONEOS_DEPLOYMENT_TARGET = 10.3;
				LD_RUNPATH_SEARCH_PATHS = (
					"$(inherited)",
					"@executable_path/Frameworks",
				);
				PRODUCT_BUNDLE_IDENTIFIER = AR.PetStore;
				PRODUCT_NAME = "$(TARGET_NAME)";
				SWIFT_VERSION = 4.0;
				TARGETED_DEVICE_FAMILY = "1,2";
			};
			name = Debug;
		};
		DFE2E0CF215D702400D5BFD4 /* Release */ = {
			isa = XCBuildConfiguration;
			baseConfigurationReference = 2339196394ECE53693D5C26F /* Pods-PetStore.release.xcconfig */;
			buildSettings = {
				ASSETCATALOG_COMPILER_APPICON_NAME = AppIcon;
				CODE_SIGN_STYLE = Automatic;
				DEVELOPMENT_TEAM = JLM2L5ALVF;
				INFOPLIST_FILE = PetStore/Info.plist;
				IPHONEOS_DEPLOYMENT_TARGET = 10.3;
				LD_RUNPATH_SEARCH_PATHS = (
					"$(inherited)",
					"@executable_path/Frameworks",
				);
				PRODUCT_BUNDLE_IDENTIFIER = AR.PetStore;
				PRODUCT_NAME = "$(TARGET_NAME)";
				SWIFT_VERSION = 4.0;
				TARGETED_DEVICE_FAMILY = "1,2";
			};
			name = Release;
		};
/* End XCBuildConfiguration section */

/* Begin XCConfigurationList section */
		DF8B1D29216166C40070AE53 /* Build configuration list for PBXNativeTarget "PetStoreTests" */ = {
			isa = XCConfigurationList;
			buildConfigurations = (
				DF8B1D27216166C40070AE53 /* Debug */,
				DF8B1D28216166C40070AE53 /* Release */,
			);
			defaultConfigurationIsVisible = 0;
			defaultConfigurationName = Release;
		};
		DFE2E0B6215D702100D5BFD4 /* Build configuration list for PBXProject "PetStore" */ = {
			isa = XCConfigurationList;
			buildConfigurations = (
				DFE2E0CB215D702400D5BFD4 /* Debug */,
				DFE2E0CC215D702400D5BFD4 /* Release */,
			);
			defaultConfigurationIsVisible = 0;
			defaultConfigurationName = Release;
		};
		DFE2E0CD215D702400D5BFD4 /* Build configuration list for PBXNativeTarget "PetStore" */ = {
			isa = XCConfigurationList;
			buildConfigurations = (
				DFE2E0CE215D702400D5BFD4 /* Debug */,
				DFE2E0CF215D702400D5BFD4 /* Release */,
			);
			defaultConfigurationIsVisible = 0;
			defaultConfigurationName = Release;
		};
/* End XCConfigurationList section */
	};
	rootObject = DFE2E0B3215D702100D5BFD4 /* Project object */;
}
